# THIS IS AN AUTOGENERATED FILE. DO NOT EDIT THIS FILE DIRECTLY.
# yarn lockfile v1


reactjs-popup@^2.0.5:
  version "2.0.5"
  resolved "https://registry.yarnpkg.com/reactjs-popup/-/reactjs-popup-2.0.5.tgz#588a74966bb126699429d739948e3448d7771eac"
  integrity sha512-b5hv9a6aGsHEHXFAgPO5s1Jw1eSkopueyUVxQewGdLgqk2eW0IVXZrPRpHR629YcgIpC2oxtX8OOZ8a7bQJbxA==
